
Microsoft Visual Studio Solution File, Format Version 12.00
Project("{FAE04EC0-301F-11D3-BF4B-00C04F79EFBC}") = "WindowsFormsApp8", "WindowsFormsApp8.csproj", "{C6BC7474-C234-4B67-898C-63ED9EA28CDC}"
EndProject
Global
	GlobalSection(SolutionConfigurationPlatforms) = preSolution
		Debug|Any CPU = Debug|Any CPU
		Release|Any CPU = Release|Any CPU
	EndGlobalSection
	GlobalSection(ProjectConfigurationPlatforms) = postSolution
		{C6BC7474-C234-4B67-898C-63ED9EA28CDC}.Debug|Any CPU.ActiveCfg = Debug|Any CPU
		{C6BC7474-C234-4B67-898C-63ED9EA28CDC}.Debug|Any CPU.Build.0 = Debug|Any CPU
		{C6BC7474-C234-4B67-898C-63ED9EA28CDC}.Release|Any CPU.ActiveCfg = Release|Any CPU
		{C6BC7474-C234-4B67-898C-63ED9EA28CDC}.Release|Any CPU.Build.0 = Release|Any CPU
	EndGlobalSection
EndGlobal
